
Microsoft Visual Studio Solution File, Format Version 11.00
# Visual Studio 2010
Project("{FAE04EC0-301F-11D3-BF4B-00C04F79EFBC}") = "IIViewDeckControllerSample", "IIViewDeckController2\IIViewDeckControllerSample.csproj", "{DAA2D701-A305-4200-8719-05ABC42BD5C0}"
EndProject
Global
	GlobalSection(SolutionConfigurationPlatforms) = preSolution
		Debug|iPhoneSimulator = Debug|iPhoneSimulator
		Release|iPhoneSimulator = Release|iPhoneSimulator
		Debug|iPhone = Debug|iPhone
		Release|iPhone = Release|iPhone
		Ad-Hoc|iPhone = Ad-Hoc|iPhone
		AppStore|iPhone = AppStore|iPhone
	EndGlobalSection
	GlobalSection(ProjectConfigurationPlatforms) = postSolution
		{DAA2D701-A305-4200-8719-05ABC42BD5C0}.Ad-Hoc|iPhone.ActiveCfg = Ad-Hoc|iPhone
		{DAA2D701-A305-4200-8719-05ABC42BD5C0}.Ad-Hoc|iPhone.Build.0 = Ad-Hoc|iPhone
		{DAA2D701-A305-4200-8719-05ABC42BD5C0}.AppStore|iPhone.ActiveCfg = AppStore|iPhone
		{DAA2D701-A305-4200-8719-05ABC42BD5C0}.AppStore|iPhone.Build.0 = AppStore|iPhone
		{DAA2D701-A305-4200-8719-05ABC42BD5C0}.Debug|iPhone.ActiveCfg = Debug|iPhone
		{DAA2D701-A305-4200-8719-05ABC42BD5C0}.Debug|iPhone.Build.0 = Debug|iPhone
		{DAA2D701-A305-4200-8719-05ABC42BD5C0}.Debug|iPhoneSimulator.ActiveCfg = Debug|iPhoneSimulator
		{DAA2D701-A305-4200-8719-05ABC42BD5C0}.Debug|iPhoneSimulator.Build.0 = Debug|iPhoneSimulator
		{DAA2D701-A305-4200-8719-05ABC42BD5C0}.Release|iPhone.ActiveCfg = Release|iPhone
		{DAA2D701-A305-4200-8719-05ABC42BD5C0}.Release|iPhone.Build.0 = Release|iPhone
		{DAA2D701-A305-4200-8719-05ABC42BD5C0}.Release|iPhoneSimulator.ActiveCfg = Release|iPhoneSimulator
		{DAA2D701-A305-4200-8719-05ABC42BD5C0}.Release|iPhoneSimulator.Build.0 = Release|iPhoneSimulator
	EndGlobalSection
	GlobalSection(MonoDevelopProperties) = preSolution
		StartupItem = IIViewDeckController2\IIViewDeckControllerSample.csproj
	EndGlobalSection
EndGlobal
