
Microsoft Visual Studio Solution File, Format Version 11.00
# Visual Studio 2010
Project("{FAE04EC0-301F-11D3-BF4B-00C04F79EFBC}") = "IIViewDeckController", "IIViewDeskController\IIViewDeckController.csproj", "{6B2A4358-A122-46EE-9E2B-8C8E2C3C5187}"
EndProject
Global
	GlobalSection(SolutionConfigurationPlatforms) = preSolution
		Debug|Any CPU = Debug|Any CPU
		Release|Any CPU = Release|Any CPU
	EndGlobalSection
	GlobalSection(ProjectConfigurationPlatforms) = postSolution
		{6B2A4358-A122-46EE-9E2B-8C8E2C3C5187}.Debug|Any CPU.ActiveCfg = Debug|Any CPU
		{6B2A4358-A122-46EE-9E2B-8C8E2C3C5187}.Debug|Any CPU.Build.0 = Debug|Any CPU
		{6B2A4358-A122-46EE-9E2B-8C8E2C3C5187}.Release|Any CPU.ActiveCfg = Release|Any CPU
		{6B2A4358-A122-46EE-9E2B-8C8E2C3C5187}.Release|Any CPU.Build.0 = Release|Any CPU
	EndGlobalSection
	GlobalSection(MonoDevelopProperties) = preSolution
		StartupItem = IIViewDeskController\IIViewDeckController.csproj
	EndGlobalSection
EndGlobal
